{
    "requires": true,
    "lockfileVersion": 1,
    "dependencies": {
        "@composer-asset/yii-extension--bulma": {
            "version": "file:vendor/foxy/composer-asset/yii-extension/bulma",
            "requires": {
                "bulma": "^0.8.2"
            }
        },
        "bulma": {
            "version": "0.8.2",
            "resolved": "https://registry.npmjs.org/bulma/-/bulma-0.8.2.tgz",
            "integrity": "sha512-vMM/ijYSxX+Sm+nD7Lmc1UgWDy2JcL2nTKqwgEqXuOMU+IGALbXd5MLt/BcjBAPLIx36TtzhzBcSnOP974gcqA=="
        }
    }
}
